
Microsoft Visual Studio Solution File, Format Version 12.00
# Visual Studio Version 16
VisualStudioVersion = 16.0.33927.289
MinimumVisualStudioVersion = 10.0.40219.1
Project("{FAE04EC0-301F-11D3-BF4B-00C04F79EFBC}") = "FormLogin", "..\..\Long(test1)\FormLogin\FormLogin.csproj", "{6AB96262-5354-48DB-B450-B76525F0668E}"
EndProject
Project("{FAE04EC0-301F-11D3-BF4B-00C04F79EFBC}") = "DAL", "..\..\Long(test1)\DAL\DAL.csproj", "{3675787F-EE29-440B-A0C5-89FE8E3A7BF0}"
EndProject
Project("{FAE04EC0-301F-11D3-BF4B-00C04F79EFBC}") = "BUS", "..\..\Long(test1)\BUS\BUS.csproj", "{82DC165C-F0C4-4B2E-85E5-861617E123F3}"
EndProject
Global
	GlobalSection(SolutionConfigurationPlatforms) = preSolution
		Debug|Any CPU = Debug|Any CPU
		Release|Any CPU = Release|Any CPU
	EndGlobalSection
	GlobalSection(ProjectConfigurationPlatforms) = postSolution
		{6AB96262-5354-48DB-B450-B76525F0668E}.Debug|Any CPU.ActiveCfg = Debug|Any CPU
		{6AB96262-5354-48DB-B450-B76525F0668E}.Debug|Any CPU.Build.0 = Debug|Any CPU
		{6AB96262-5354-48DB-B450-B76525F0668E}.Release|Any CPU.ActiveCfg = Release|Any CPU
		{6AB96262-5354-48DB-B450-B76525F0668E}.Release|Any CPU.Build.0 = Release|Any CPU
		{3675787F-EE29-440B-A0C5-89FE8E3A7BF0}.Debug|Any CPU.ActiveCfg = Debug|Any CPU
		{3675787F-EE29-440B-A0C5-89FE8E3A7BF0}.Debug|Any CPU.Build.0 = Debug|Any CPU
		{3675787F-EE29-440B-A0C5-89FE8E3A7BF0}.Release|Any CPU.ActiveCfg = Release|Any CPU
		{3675787F-EE29-440B-A0C5-89FE8E3A7BF0}.Release|Any CPU.Build.0 = Release|Any CPU
		{82DC165C-F0C4-4B2E-85E5-861617E123F3}.Debug|Any CPU.ActiveCfg = Debug|Any CPU
		{82DC165C-F0C4-4B2E-85E5-861617E123F3}.Debug|Any CPU.Build.0 = Debug|Any CPU
		{82DC165C-F0C4-4B2E-85E5-861617E123F3}.Release|Any CPU.ActiveCfg = Release|Any CPU
		{82DC165C-F0C4-4B2E-85E5-861617E123F3}.Release|Any CPU.Build.0 = Release|Any CPU
	EndGlobalSection
	GlobalSection(SolutionProperties) = preSolution
		HideSolutionNode = FALSE
	EndGlobalSection
	GlobalSection(ExtensibilityGlobals) = postSolution
		SolutionGuid = {E544EB90-9787-4532-ADE5-BC5EF27729E2}
	EndGlobalSection
EndGlobal
